
Microsoft Visual Studio Solution File, Format Version 12.00
# Visual Studio 15
VisualStudioVersion = 15.0.27130.2024
MinimumVisualStudioVersion = 10.0.40219.1
Project("{FAE04EC0-301F-11D3-BF4B-00C04F79EFBC}") = "CalculatorLecture01", "CalculatorLecture01\CalculatorLecture01.csproj", "{D2401D26-8C2C-4A03-96C3-C013B80BDBD2}"
EndProject
Project("{FAE04EC0-301F-11D3-BF4B-00C04F79EFBC}") = "CalculatorLecture01.Test.Unit", "CalculatorLecture01.Test.Unit\CalculatorLecture01.Test.Unit.csproj", "{3728D0F2-181E-48D8-A5E2-BC876E8F34E3}"
EndProject
Global
	GlobalSection(SolutionConfigurationPlatforms) = preSolution
		Debug|Any CPU = Debug|Any CPU
		Release|Any CPU = Release|Any CPU
	EndGlobalSection
	GlobalSection(ProjectConfigurationPlatforms) = postSolution
		{D2401D26-8C2C-4A03-96C3-C013B80BDBD2}.Debug|Any CPU.ActiveCfg = Debug|Any CPU
		{D2401D26-8C2C-4A03-96C3-C013B80BDBD2}.Debug|Any CPU.Build.0 = Debug|Any CPU
		{D2401D26-8C2C-4A03-96C3-C013B80BDBD2}.Release|Any CPU.ActiveCfg = Release|Any CPU
		{D2401D26-8C2C-4A03-96C3-C013B80BDBD2}.Release|Any CPU.Build.0 = Release|Any CPU
		{3728D0F2-181E-48D8-A5E2-BC876E8F34E3}.Debug|Any CPU.ActiveCfg = Debug|Any CPU
		{3728D0F2-181E-48D8-A5E2-BC876E8F34E3}.Debug|Any CPU.Build.0 = Debug|Any CPU
		{3728D0F2-181E-48D8-A5E2-BC876E8F34E3}.Release|Any CPU.ActiveCfg = Release|Any CPU
		{3728D0F2-181E-48D8-A5E2-BC876E8F34E3}.Release|Any CPU.Build.0 = Release|Any CPU
	EndGlobalSection
	GlobalSection(SolutionProperties) = preSolution
		HideSolutionNode = FALSE
	EndGlobalSection
	GlobalSection(ExtensibilityGlobals) = postSolution
		SolutionGuid = {C72475FF-6A9D-4506-8E68-DCB818D05EC8}
	EndGlobalSection
EndGlobal
