
Microsoft Visual Studio Solution File, Format Version 12.00
# Visual Studio 15
VisualStudioVersion = 15.0.27130.2024
MinimumVisualStudioVersion = 10.0.40219.1
Project("{FAE04EC0-301F-11D3-BF4B-00C04F79EFBC}") = "Calculator", "Calculator\Calculator.csproj", "{B486E0FF-FD0A-4504-B148-294E6FF2AB68}"
EndProject
Project("{FAE04EC0-301F-11D3-BF4B-00C04F79EFBC}") = "Calculator.Test", "Calculator.Test\Calculator.Test.csproj", "{B03FBF92-33BB-4C20-9DE0-5327485E40F3}"
EndProject
Project("{FAE04EC0-301F-11D3-BF4B-00C04F79EFBC}") = "Calculator.Test2", "Calculator.Test2\Calculator.Test2.csproj", "{AD29ECA3-0B9D-4EFE-B8BF-4736EE2A7201}"
EndProject
Global
	GlobalSection(SolutionConfigurationPlatforms) = preSolution
		Debug|Any CPU = Debug|Any CPU
		Release|Any CPU = Release|Any CPU
	EndGlobalSection
	GlobalSection(ProjectConfigurationPlatforms) = postSolution
		{B486E0FF-FD0A-4504-B148-294E6FF2AB68}.Debug|Any CPU.ActiveCfg = Debug|Any CPU
		{B486E0FF-FD0A-4504-B148-294E6FF2AB68}.Debug|Any CPU.Build.0 = Debug|Any CPU
		{B486E0FF-FD0A-4504-B148-294E6FF2AB68}.Release|Any CPU.ActiveCfg = Release|Any CPU
		{B486E0FF-FD0A-4504-B148-294E6FF2AB68}.Release|Any CPU.Build.0 = Release|Any CPU
		{B03FBF92-33BB-4C20-9DE0-5327485E40F3}.Debug|Any CPU.ActiveCfg = Debug|Any CPU
		{B03FBF92-33BB-4C20-9DE0-5327485E40F3}.Debug|Any CPU.Build.0 = Debug|Any CPU
		{B03FBF92-33BB-4C20-9DE0-5327485E40F3}.Release|Any CPU.ActiveCfg = Release|Any CPU
		{B03FBF92-33BB-4C20-9DE0-5327485E40F3}.Release|Any CPU.Build.0 = Release|Any CPU
		{AD29ECA3-0B9D-4EFE-B8BF-4736EE2A7201}.Debug|Any CPU.ActiveCfg = Debug|Any CPU
		{AD29ECA3-0B9D-4EFE-B8BF-4736EE2A7201}.Debug|Any CPU.Build.0 = Debug|Any CPU
		{AD29ECA3-0B9D-4EFE-B8BF-4736EE2A7201}.Release|Any CPU.ActiveCfg = Release|Any CPU
		{AD29ECA3-0B9D-4EFE-B8BF-4736EE2A7201}.Release|Any CPU.Build.0 = Release|Any CPU
	EndGlobalSection
	GlobalSection(SolutionProperties) = preSolution
		HideSolutionNode = FALSE
	EndGlobalSection
	GlobalSection(ExtensibilityGlobals) = postSolution
		SolutionGuid = {CBBDB36F-AA91-4977-8268-1F672D3D4DEA}
	EndGlobalSection
EndGlobal
